{
  "name": "serveur",
  "lockfileVersion": 2,
  "requires": true,
  "packages": {
    "": {
      "dependencies": {
        "postgres": "^3.0.4"
      }
    },
    "node_modules/postgres": {
      "version": "3.0.4",
      "resolved": "https://registry.npmjs.org/postgres/-/postgres-3.0.4.tgz",
      "integrity": "sha512-Zbsky7gIOORk62Bbo6CXPOqxnkhup3qM8kF0U7a+El2tFG3qhTO2WEyGemER4+0kJOKox0fn9vOCJOIE5dYB9A==",
      "funding": {
        "type": "individual",
        "url": "https://github.com/sponsors/porsager"
      }
    }
  },
  "dependencies": {
    "postgres": {
      "version": "3.0.4",
      "resolved": "https://registry.npmjs.org/postgres/-/postgres-3.0.4.tgz",
      "integrity": "sha512-Zbsky7gIOORk62Bbo6CXPOqxnkhup3qM8kF0U7a+El2tFG3qhTO2WEyGemER4+0kJOKox0fn9vOCJOIE5dYB9A=="
    }
  }
}
